
Microsoft Visual Studio Solution File, Format Version 12.00
# Visual Studio Version 17
VisualStudioVersion = 17.1.32210.238
MinimumVisualStudioVersion = 10.0.40219.1
Project("{FAE04EC0-301F-11D3-BF4B-00C04F79EFBC}") = "StokKartiProjesi", "StokKartiProjesi\StokKartiProjesi.csproj", "{B93C4B9F-9B25-4691-B390-A02A01390567}"
EndProject
Global
	GlobalSection(SolutionConfigurationPlatforms) = preSolution
		Debug|Any CPU = Debug|Any CPU
		Release|Any CPU = Release|Any CPU
	EndGlobalSection
	GlobalSection(ProjectConfigurationPlatforms) = postSolution
		{B93C4B9F-9B25-4691-B390-A02A01390567}.Debug|Any CPU.ActiveCfg = Debug|Any CPU
		{B93C4B9F-9B25-4691-B390-A02A01390567}.Debug|Any CPU.Build.0 = Debug|Any CPU
		{B93C4B9F-9B25-4691-B390-A02A01390567}.Release|Any CPU.ActiveCfg = Release|Any CPU
		{B93C4B9F-9B25-4691-B390-A02A01390567}.Release|Any CPU.Build.0 = Release|Any CPU
	EndGlobalSection
	GlobalSection(SolutionProperties) = preSolution
		HideSolutionNode = FALSE
	EndGlobalSection
	GlobalSection(ExtensibilityGlobals) = postSolution
		SolutionGuid = {A3E86414-3045-4616-BD8E-54F692ED6E11}
	EndGlobalSection
EndGlobal
